// !$*UTF8*$!
{
	archiveVersion = 1;
	classes = {
	};
	objectVersion = 51;
	objects = {

/* Begin PBXBuildFile section */
		1AB510B680E61D4C5B76F3AC /* Pods_tumblrTests.framework in Frameworks */ = {isa = PBXBuildFile; fileRef = 2E36F669C76042D5DF282A9B /* Pods_tumblrTests.framework */; };
		9430BD5E24A500830037C031 /* AppDelegate.m in Sources */ = {isa = PBXBuildFile; fileRef = 9430BD5D24A500830037C031 /* AppDelegate.m */; };
		9430BD6124A500830037C031 /* SceneDelegate.m in Sources */ = {isa = PBXBuildFile; fileRef = 9430BD6024A500830037C031 /* SceneDelegate.m */; };
		9430BD6724A500830037C031 /* Main.storyboard in Resources */ = {isa = PBXBuildFile; fileRef = 9430BD6524A500830037C031 /* Main.storyboard */; };
		9430BD6924A500840037C031 /* Assets.xcassets in Resources */ = {isa = PBXBuildFile; fileRef = 9430BD6824A500840037C031 /* Assets.xcassets */; };
		9430BD6C24A500840037C031 /* LaunchScreen.storyboard in Resources */ = {isa = PBXBuildFile; fileRef = 9430BD6A24A500840037C031 /* LaunchScreen.storyboard */; };
		9430BD6F24A500840037C031 /* main.m in Sources */ = {isa = PBXBuildFile; fileRef = 9430BD6E24A500840037C031 /* main.m */; };
		9430BD7924A500840037C031 /* tumblrTests.m in Sources */ = {isa = PBXBuildFile; fileRef = 9430BD7824A500840037C031 /* tumblrTests.m */; };
		9430BD8424A500840037C031 /* tumblrUITests.m in Sources */ = {isa = PBXBuildFile; fileRef = 9430BD8324A500840037C031 /* tumblrUITests.m */; };
		9430BD9624A501820037C031 /* PhotosViewController.m in Sources */ = {isa = PBXBuildFile; fileRef = 9430BD9524A501820037C031 /* PhotosViewController.m */; };
		9430BD9924A504C00037C031 /* PhotoCell.m in Sources */ = {isa = PBXBuildFile; fileRef = 9430BD9824A504C00037C031 /* PhotoCell.m */; };
		F07D1791DD7B23AE83A96242 /* Pods_tumblr_tumblrUITests.framework in Frameworks */ = {isa = PBXBuildFile; fileRef = 8CD71101812F05D14116E82C /* Pods_tumblr_tumblrUITests.framework */; };
		F642EB70DF89E1DEFFF8ACE3 /* Pods_tumblr.framework in Frameworks */ = {isa = PBXBuildFile; fileRef = 3D46869DD11150D1AD65C689 /* Pods_tumblr.framework */; };
/* End PBXBuildFile section */

/* Begin PBXContainerItemProxy section */
		9430BD7524A500840037C031 /* PBXContainerItemProxy */ = {
			isa = PBXContainerItemProxy;
			containerPortal = 9430BD5124A500830037C031 /* Project object */;
			proxyType = 1;
			remoteGlobalIDString = 9430BD5824A500830037C031;
			remoteInfo = tumblr;
		};
		9430BD8024A500840037C031 /* PBXContainerItemProxy */ = {
			isa = PBXContainerItemProxy;
			containerPortal = 9430BD5124A500830037C031 /* Project object */;
			proxyType = 1;
			remoteGlobalIDString = 9430BD5824A500830037C031;
			remoteInfo = tumblr;
		};
/* End PBXContainerItemProxy section */

/* Begin PBXFileReference section */
		0A7156C2CF0D056C93AE45B1 /* Pods-tumblrTests.release.xcconfig */ = {isa = PBXFileReference; includeInIndex = 1; lastKnownFileType = text.xcconfig; name = "Pods-tumblrTests.release.xcconfig"; path = "Target Support Files/Pods-tumblrTests/Pods-tumblrTests.release.xcconfig"; sourceTree = "<group>"; };
		2E36F669C76042D5DF282A9B /* Pods_tumblrTests.framework */ = {isa = PBXFileReference; explicitFileType = wrapper.framework; includeInIndex = 0; path = Pods_tumblrTests.framework; sourceTree = BUILT_PRODUCTS_DIR; };
		3D46869DD11150D1AD65C689 /* Pods_tumblr.framework */ = {isa = PBXFileReference; explicitFileType = wrapper.framework; includeInIndex = 0; path = Pods_tumblr.framework; sourceTree = BUILT_PRODUCTS_DIR; };
		4C2938B189F4F012EC2728D5 /* Pods-tumblr-tumblrUITests.debug.xcconfig */ = {isa = PBXFileReference; includeInIndex = 1; lastKnownFileType = text.xcconfig; name = "Pods-tumblr-tumblrUITests.debug.xcconfig"; path = "Target Support Files/Pods-tumblr-tumblrUITests/Pods-tumblr-tumblrUITests.debug.xcconfig"; sourceTree = "<group>"; };
		549D36CDD98DAC8B0AE6EC91 /* Pods-tumblr.debug.xcconfig */ = {isa = PBXFileReference; includeInIndex = 1; lastKnownFileType = text.xcconfig; name = "Pods-tumblr.debug.xcconfig"; path = "Target Support Files/Pods-tumblr/Pods-tumblr.debug.xcconfig"; sourceTree = "<group>"; };
		6C207CDFAD10FBCBB945E559 /* Pods-tumblr.release.xcconfig */ = {isa = PBXFileReference; includeInIndex = 1; lastKnownFileType = text.xcconfig; name = "Pods-tumblr.release.xcconfig"; path = "Target Support Files/Pods-tumblr/Pods-tumblr.release.xcconfig"; sourceTree = "<group>"; };
		8CD71101812F05D14116E82C /* Pods_tumblr_tumblrUITests.framework */ = {isa = PBXFileReference; explicitFileType = wrapper.framework; includeInIndex = 0; path = Pods_tumblr_tumblrUITests.framework; sourceTree = BUILT_PRODUCTS_DIR; };
		9430BD5924A500830037C031 /* tumblr.app */ = {isa = PBXFileReference; explicitFileType = wrapper.application; includeInIndex = 0; path = tumblr.app; sourceTree = BUILT_PRODUCTS_DIR; };
		9430BD5C24A500830037C031 /* AppDelegate.h */ = {isa = PBXFileReference; lastKnownFileType = sourcecode.c.h; path = AppDelegate.h; sourceTree = "<group>"; };
		9430BD5D24A500830037C031 /* AppDelegate.m */ = {isa = PBXFileReference; lastKnownFileType = sourcecode.c.objc; path = AppDelegate.m; sourceTree = "<group>"; };
		9430BD5F24A500830037C031 /* SceneDelegate.h */ = {isa = PBXFileReference; lastKnownFileType = sourcecode.c.h; path = SceneDelegate.h; sourceTree = "<group>"; };
		9430BD6024A500830037C031 /* SceneDelegate.m */ = {isa = PBXFileReference; lastKnownFileType = sourcecode.c.objc; path = SceneDelegate.m; sourceTree = "<group>"; };
		9430BD6624A500830037C031 /* Base */ = {isa = PBXFileReference; lastKnownFileType = file.storyboard; name = Base; path = Base.lproj/Main.storyboard; sourceTree = "<group>"; };
		9430BD6824A500840037C031 /* Assets.xcassets */ = {isa = PBXFileReference; lastKnownFileType = folder.assetcatalog; path = Assets.xcassets; sourceTree = "<group>"; };
		9430BD6B24A500840037C031 /* Base */ = {isa = PBXFileReference; lastKnownFileType = file.storyboard; name = Base; path = Base.lproj/LaunchScreen.storyboard; sourceTree = "<group>"; };
		9430BD6D24A500840037C031 /* Info.plist */ = {isa = PBXFileReference; lastKnownFileType = text.plist.xml; path = Info.plist; sourceTree = "<group>"; };
		9430BD6E24A500840037C031 /* main.m */ = {isa = PBXFileReference; lastKnownFileType = sourcecode.c.objc; path = main.m; sourceTree = "<group>"; };
		9430BD7424A500840037C031 /* tumblrTests.xctest */ = {isa = PBXFileReference; explicitFileType = wrapper.cfbundle; includeInIndex = 0; path = tumblrTests.xctest; sourceTree = BUILT_PRODUCTS_DIR; };
		9430BD7824A500840037C031 /* tumblrTests.m */ = {isa = PBXFileReference; lastKnownFileType = sourcecode.c.objc; path = tumblrTests.m; sourceTree = "<group>"; };
		9430BD7A24A500840037C031 /* Info.plist */ = {isa = PBXFileReference; lastKnownFileType = text.plist.xml; path = Info.plist; sourceTree = "<group>"; };
		9430BD7F24A500840037C031 /* tumblrUITests.xctest */ = {isa = PBXFileReference; explicitFileType = wrapper.cfbundle; includeInIndex = 0; path = tumblrUITests.xctest; sourceTree = BUILT_PRODUCTS_DIR; };
		9430BD8324A500840037C031 /* tumblrUITests.m */ = {isa = PBXFileReference; lastKnownFileType = sourcecode.c.objc; path = tumblrUITests.m; sourceTree = "<group>"; };
		9430BD8524A500840037C031 /* Info.plist */ = {isa = PBXFileReference; lastKnownFileType = text.plist.xml; path = Info.plist; sourceTree = "<group>"; };
		9430BD9424A501820037C031 /* PhotosViewController.h */ = {isa = PBXFileReference; lastKnownFileType = sourcecode.c.h; path = PhotosViewController.h; sourceTree = "<group>"; };
		9430BD9524A501820037C031 /* PhotosViewController.m */ = {isa = PBXFileReference; lastKnownFileType = sourcecode.c.objc; path = PhotosViewController.m; sourceTree = "<group>"; };
		9430BD9724A504C00037C031 /* PhotoCell.h */ = {isa = PBXFileReference; lastKnownFileType = sourcecode.c.h; path = PhotoCell.h; sourceTree = "<group>"; };
		9430BD9824A504C00037C031 /* PhotoCell.m */ = {isa = PBXFileReference; lastKnownFileType = sourcecode.c.objc; path = PhotoCell.m; sourceTree = "<group>"; };
		98E788C2D2F8531881B60DB8 /* Pods-tumblr-tumblrUITests.release.xcconfig */ = {isa = PBXFileReference; includeInIndex = 1; lastKnownFileType = text.xcconfig; name = "Pods-tumblr-tumblrUITests.release.xcconfig"; path = "Target Support Files/Pods-tumblr-tumblrUITests/Pods-tumblr-tumblrUITests.release.xcconfig"; sourceTree = "<group>"; };
		DFD26CD67A6C1909812610FE /* Pods-tumblrTests.debug.xcconfig */ = {isa = PBXFileReference; includeInIndex = 1; lastKnownFileType = text.xcconfig; name = "Pods-tumblrTests.debug.xcconfig"; path = "Target Support Files/Pods-tumblrTests/Pods-tumblrTests.debug.xcconfig"; sourceTree = "<group>"; };
/* End PBXFileReference section */

/* Begin PBXFrameworksBuildPhase section */
		9430BD5624A500830037C031 /* Frameworks */ = {
			isa = PBXFrameworksBuildPhase;
			buildActionMask = 2147483647;
			files = (
				F642EB70DF89E1DEFFF8ACE3 /* Pods_tumblr.framework in Frameworks */,
			);
			runOnlyForDeploymentPostprocessing = 0;
		};
		9430BD7124A500840037C031 /* Frameworks */ = {
			isa = PBXFrameworksBuildPhase;
			buildActionMask = 2147483647;
			files = (
				1AB510B680E61D4C5B76F3AC /* Pods_tumblrTests.framework in Frameworks */,
			);
			runOnlyForDeploymentPostprocessing = 0;
		};
		9430BD7C24A500840037C031 /* Frameworks */ = {
			isa = PBXFrameworksBuildPhase;
			buildActionMask = 2147483647;
			files = (
				F07D1791DD7B23AE83A96242 /* Pods_tumblr_tumblrUITests.framework in Frameworks */,
			);
			runOnlyForDeploymentPostprocessing = 0;
		};
/* End PBXFrameworksBuildPhase section */

/* Begin PBXGroup section */
		0D6142A0E299FD60B0715FDB /* Frameworks */ = {
			isa = PBXGroup;
			children = (
				3D46869DD11150D1AD65C689 /* Pods_tumblr.framework */,
				8CD71101812F05D14116E82C /* Pods_tumblr_tumblrUITests.framework */,
				2E36F669C76042D5DF282A9B /* Pods_tumblrTests.framework */,
			);
			name = Frameworks;
			sourceTree = "<group>";
		};
		9430BD5024A500830037C031 = {
			isa = PBXGroup;
			children = (
				9430BD5B24A500830037C031 /* tumblr */,
				9430BD7724A500840037C031 /* tumblrTests */,
				9430BD8224A500840037C031 /* tumblrUITests */,
				9430BD5A24A500830037C031 /* Products */,
				CEE376EF849DDC220C7532CC /* Pods */,
				0D6142A0E299FD60B0715FDB /* Frameworks */,
			);
			sourceTree = "<group>";
		};
		9430BD5A24A500830037C031 /* Products */ = {
			isa = PBXGroup;
			children = (
				9430BD5924A500830037C031 /* tumblr.app */,
				9430BD7424A500840037C031 /* tumblrTests.xctest */,
				9430BD7F24A500840037C031 /* tumblrUITests.xctest */,
			);
			name = Products;
			sourceTree = "<group>";
		};
		9430BD5B24A500830037C031 /* tumblr */ = {
			isa = PBXGroup;
			children = (
				9430BD5C24A500830037C031 /* AppDelegate.h */,
				9430BD5D24A500830037C031 /* AppDelegate.m */,
				9430BD5F24A500830037C031 /* SceneDelegate.h */,
				9430BD6024A500830037C031 /* SceneDelegate.m */,
				9430BD6524A500830037C031 /* Main.storyboard */,
				9430BD6824A500840037C031 /* Assets.xcassets */,
				9430BD6A24A500840037C031 /* LaunchScreen.storyboard */,
				9430BD6D24A500840037C031 /* Info.plist */,
				9430BD6E24A500840037C031 /* main.m */,
				9430BD9424A501820037C031 /* PhotosViewController.h */,
				9430BD9524A501820037C031 /* PhotosViewController.m */,
				9430BD9724A504C00037C031 /* PhotoCell.h */,
				9430BD9824A504C00037C031 /* PhotoCell.m */,
			);
			path = tumblr;
			sourceTree = "<group>";
		};
		9430BD7724A500840037C031 /* tumblrTests */ = {
			isa = PBXGroup;
			children = (
				9430BD7824A500840037C031 /* tumblrTests.m */,
				9430BD7A24A500840037C031 /* Info.plist */,
			);
			path = tumblrTests;
			sourceTree = "<group>";
		};
		9430BD8224A500840037C031 /* tumblrUITests */ = {
			isa = PBXGroup;
			children = (
				9430BD8324A500840037C031 /* tumblrUITests.m */,
				9430BD8524A500840037C031 /* Info.plist */,
			);
			path = tumblrUITests;
			sourceTree = "<group>";
		};
		CEE376EF849DDC220C7532CC /* Pods */ = {
			isa = PBXGroup;
			children = (
				549D36CDD98DAC8B0AE6EC91 /* Pods-tumblr.debug.xcconfig */,
				6C207CDFAD10FBCBB945E559 /* Pods-tumblr.release.xcconfig */,
				4C2938B189F4F012EC2728D5 /* Pods-tumblr-tumblrUITests.debug.xcconfig */,
				98E788C2D2F8531881B60DB8 /* Pods-tumblr-tumblrUITests.release.xcconfig */,
				DFD26CD67A6C1909812610FE /* Pods-tumblrTests.debug.xcconfig */,
				0A7156C2CF0D056C93AE45B1 /* Pods-tumblrTests.release.xcconfig */,
			);
			path = Pods;
			sourceTree = "<group>";
		};
/* End PBXGroup section */

/* Begin PBXNativeTarget section */
		9430BD5824A500830037C031 /* tumblr */ = {
			isa = PBXNativeTarget;
			buildConfigurationList = 9430BD8824A500840037C031 /* Build configuration list for PBXNativeTarget "tumblr" */;
			buildPhases = (
				CC7AC39F0A2475E2AD94C044 /* [CP] Check Pods Manifest.lock */,
				9430BD5524A500830037C031 /* Sources */,
				9430BD5624A500830037C031 /* Frameworks */,
				9430BD5724A500830037C031 /* Resources */,
				C5CE47634A0D5EA05F2A9FA0 /* [CP] Embed Pods Frameworks */,
			);
			buildRules = (
			);
			dependencies = (
			);
			name = tumblr;
			productName = tumblr;
			productReference = 9430BD5924A500830037C031 /* tumblr.app */;
			productType = "com.apple.product-type.application";
		};
		9430BD7324A500840037C031 /* tumblrTests */ = {
			isa = PBXNativeTarget;
			buildConfigurationList = 9430BD8B24A500840037C031 /* Build configuration list for PBXNativeTarget "tumblrTests" */;
			buildPhases = (
				9FA75F2389FACD02339A6EC6 /* [CP] Check Pods Manifest.lock */,
				9430BD7024A500840037C031 /* Sources */,
				9430BD7124A500840037C031 /* Frameworks */,
				9430BD7224A500840037C031 /* Resources */,
			);
			buildRules = (
			);
			dependencies = (
				9430BD7624A500840037C031 /* PBXTargetDependency */,
			);
			name = tumblrTests;
			productName = tumblrTests;
			productReference = 9430BD7424A500840037C031 /* tumblrTests.xctest */;
			productType = "com.apple.product-type.bundle.unit-test";
		};
		9430BD7E24A500840037C031 /* tumblrUITests */ = {
			isa = PBXNativeTarget;
			buildConfigurationList = 9430BD8E24A500840037C031 /* Build configuration list for PBXNativeTarget "tumblrUITests" */;
			buildPhases = (
				459BCCDE13D58D251C62E42B /* [CP] Check Pods Manifest.lock */,
				9430BD7B24A500840037C031 /* Sources */,
				9430BD7C24A500840037C031 /* Frameworks */,
				9430BD7D24A500840037C031 /* Resources */,
				DC4F3F71C8B432E10B08C852 /* [CP] Embed Pods Frameworks */,
			);
			buildRules = (
			);
			dependencies = (
				9430BD8124A500840037C031 /* PBXTargetDependency */,
			);
			name = tumblrUITests;
			productName = tumblrUITests;
			productReference = 9430BD7F24A500840037C031 /* tumblrUITests.xctest */;
			productType = "com.apple.product-type.bundle.ui-testing";
		};
/* End PBXNativeTarget section */

/* Begin PBXProject section */
		9430BD5124A500830037C031 /* Project object */ = {
			isa = PBXProject;
			attributes = {
				LastUpgradeCheck = 1150;
				ORGANIZATIONNAME = anacismaru;
				TargetAttributes = {
					9430BD5824A500830037C031 = {
						CreatedOnToolsVersion = 11.5;
					};
					9430BD7324A500840037C031 = {
						CreatedOnToolsVersion = 11.5;
						TestTargetID = 9430BD5824A500830037C031;
					};
					9430BD7E24A500840037C031 = {
						CreatedOnToolsVersion = 11.5;
						TestTargetID = 9430BD5824A500830037C031;
					};
				};
			};
			buildConfigurationList = 9430BD5424A500830037C031 /* Build configuration list for PBXProject "tumblr" */;
			compatibilityVersion = "Xcode 9.3";
			developmentRegion = en;
			hasScannedForEncodings = 0;
			knownRegions = (
				en,
				Base,
			);
			mainGroup = 9430BD5024A500830037C031;
			productRefGroup = 9430BD5A24A500830037C031 /* Products */;
			projectDirPath = "";
			projectRoot = "";
			targets = (
				9430BD5824A500830037C031 /* tumblr */,
				9430BD7324A500840037C031 /* tumblrTests */,
				9430BD7E24A500840037C031 /* tumblrUITests */,
			);
		};
/* End PBXProject section */

/* Begin PBXResourcesBuildPhase section */
		9430BD5724A500830037C031 /* Resources */ = {
			isa = PBXResourcesBuildPhase;
			buildActionMask = 2147483647;
			files = (
				9430BD6C24A500840037C031 /* LaunchScreen.storyboard in Resources */,
				9430BD6924A500840037C031 /* Assets.xcassets in Resources */,
				9430BD6724A500830037C031 /* Main.storyboard in Resources */,
			);
			runOnlyForDeploymentPostprocessing = 0;
		};
		9430BD7224A500840037C031 /* Resources */ = {
			isa = PBXResourcesBuildPhase;
			buildActionMask = 2147483647;
			files = (
			);
			runOnlyForDeploymentPostprocessing = 0;
		};
		9430BD7D24A500840037C031 /* Resources */ = {
			isa = PBXResourcesBuildPhase;
			buildActionMask = 2147483647;
			files = (
			);
			runOnlyForDeploymentPostprocessing = 0;
		};
/* End PBXResourcesBuildPhase section */

/* Begin PBXShellScriptBuildPhase section */
		459BCCDE13D58D251C62E42B /* [CP] Check Pods Manifest.lock */ = {
			isa = PBXShellScriptBuildPhase;
			buildActionMask = 2147483647;
			files = (
			);
			inputFileListPaths = (
			);
			inputPaths = (
				"${PODS_PODFILE_DIR_PATH}/Podfile.lock",
				"${PODS_ROOT}/Manifest.lock",
			);
			name = "[CP] Check Pods Manifest.lock";
			outputFileListPaths = (
			);
			outputPaths = (
				"$(DERIVED_FILE_DIR)/Pods-tumblr-tumblrUITests-checkManifestLockResult.txt",
			);
			runOnlyForDeploymentPostprocessing = 0;
			shellPath = /bin/sh;
			shellScript = "diff \"${PODS_PODFILE_DIR_PATH}/Podfile.lock\" \"${PODS_ROOT}/Manifest.lock\" > /dev/null\nif [ $? != 0 ] ; then\n    # print error to STDERR\n    echo \"error: The sandbox is not in sync with the Podfile.lock. Run 'pod install' or update your CocoaPods installation.\" >&2\n    exit 1\nfi\n# This output is used by Xcode 'outputs' to avoid re-running this script phase.\necho \"SUCCESS\" > \"${SCRIPT_OUTPUT_FILE_0}\"\n";
			showEnvVarsInLog = 0;
		};
		9FA75F2389FACD02339A6EC6 /* [CP] Check Pods Manifest.lock */ = {
			isa = PBXShellScriptBuildPhase;
			buildActionMask = 2147483647;
			files = (
			);
			inputFileListPaths = (
			);
			inputPaths = (
				"${PODS_PODFILE_DIR_PATH}/Podfile.lock",
				"${PODS_ROOT}/Manifest.lock",
			);
			name = "[CP] Check Pods Manifest.lock";
			outputFileListPaths = (
			);
			outputPaths = (
				"$(DERIVED_FILE_DIR)/Pods-tumblrTests-checkManifestLockResult.txt",
			);
			runOnlyForDeploymentPostprocessing = 0;
			shellPath = /bin/sh;
			shellScript = "diff \"${PODS_PODFILE_DIR_PATH}/Podfile.lock\" \"${PODS_ROOT}/Manifest.lock\" > /dev/null\nif [ $? != 0 ] ; then\n    # print error to STDERR\n    echo \"error: The sandbox is not in sync with the Podfile.lock. Run 'pod install' or update your CocoaPods installation.\" >&2\n    exit 1\nfi\n# This output is used by Xcode 'outputs' to avoid re-running this script phase.\necho \"SUCCESS\" > \"${SCRIPT_OUTPUT_FILE_0}\"\n";
			showEnvVarsInLog = 0;
		};
		C5CE47634A0D5EA05F2A9FA0 /* [CP] Embed Pods Frameworks */ = {
			isa = PBXShellScriptBuildPhase;
			buildActionMask = 2147483647;
			files = (
			);
			inputFileListPaths = (
				"${PODS_ROOT}/Target Support Files/Pods-tumblr/Pods-tumblr-frameworks-${CONFIGURATION}-input-files.xcfilelist",
			);
			name = "[CP] Embed Pods Frameworks";
			outputFileListPaths = (
				"${PODS_ROOT}/Target Support Files/Pods-tumblr/Pods-tumblr-frameworks-${CONFIGURATION}-output-files.xcfilelist",
			);
			runOnlyForDeploymentPostprocessing = 0;
			shellPath = /bin/sh;
			shellScript = "\"${PODS_ROOT}/Target Support Files/Pods-tumblr/Pods-tumblr-frameworks.sh\"\n";
			showEnvVarsInLog = 0;
		};
		CC7AC39F0A2475E2AD94C044 /* [CP] Check Pods Manifest.lock */ = {
			isa = PBXShellScriptBuildPhase;
			buildActionMask = 2147483647;
			files = (
			);
			inputFileListPaths = (
			);
			inputPaths = (
				"${PODS_PODFILE_DIR_PATH}/Podfile.lock",
				"${PODS_ROOT}/Manifest.lock",
			);
			name = "[CP] Check Pods Manifest.lock";
			outputFileListPaths = (
			);
			outputPaths = (
				"$(DERIVED_FILE_DIR)/Pods-tumblr-checkManifestLockResult.txt",
			);
			runOnlyForDeploymentPostprocessing = 0;
			shellPath = /bin/sh;
			shellScript = "diff \"${PODS_PODFILE_DIR_PATH}/Podfile.lock\" \"${PODS_ROOT}/Manifest.lock\" > /dev/null\nif [ $? != 0 ] ; then\n    # print error to STDERR\n    echo \"error: The sandbox is not in sync with the Podfile.lock. Run 'pod install' or update your CocoaPods installation.\" >&2\n    exit 1\nfi\n# This output is used by Xcode 'outputs' to avoid re-running this script phase.\necho \"SUCCESS\" > \"${SCRIPT_OUTPUT_FILE_0}\"\n";
			showEnvVarsInLog = 0;
		};
		DC4F3F71C8B432E10B08C852 /* [CP] Embed Pods Frameworks */ = {
			isa = PBXShellScriptBuildPhase;
			buildActionMask = 2147483647;
			files = (
			);
			inputFileListPaths = (
				"${PODS_ROOT}/Target Support Files/Pods-tumblr-tumblrUITests/Pods-tumblr-tumblrUITests-frameworks-${CONFIGURATION}-input-files.xcfilelist",
			);
			name = "[CP] Embed Pods Frameworks";
			outputFileListPaths = (
				"${PODS_ROOT}/Target Support Files/Pods-tumblr-tumblrUITests/Pods-tumblr-tumblrUITests-frameworks-${CONFIGURATION}-output-files.xcfilelist",
			);
			runOnlyForDeploymentPostprocessing = 0;
			shellPath = /bin/sh;
			shellScript = "\"${PODS_ROOT}/Target Support Files/Pods-tumblr-tumblrUITests/Pods-tumblr-tumblrUITests-frameworks.sh\"\n";
			showEnvVarsInLog = 0;
		};
/* End PBXShellScriptBuildPhase section */

/* Begin PBXSourcesBuildPhase section */
		9430BD5524A500830037C031 /* Sources */ = {
			isa = PBXSourcesBuildPhase;
			buildActionMask = 2147483647;
			files = (
				9430BD5E24A500830037C031 /* AppDelegate.m in Sources */,
				9430BD9924A504C00037C031 /* PhotoCell.m in Sources */,
				9430BD9624A501820037C031 /* PhotosViewController.m in Sources */,
				9430BD6F24A500840037C031 /* main.m in Sources */,
				9430BD6124A500830037C031 /* SceneDelegate.m in Sources */,
			);
			runOnlyForDeploymentPostprocessing = 0;
		};
		9430BD7024A500840037C031 /* Sources */ = {
			isa = PBXSourcesBuildPhase;
			buildActionMask = 2147483647;
			files = (
				9430BD7924A500840037C031 /* tumblrTests.m in Sources */,
			);
			runOnlyForDeploymentPostprocessing = 0;
		};
		9430BD7B24A500840037C031 /* Sources */ = {
			isa = PBXSourcesBuildPhase;
			buildActionMask = 2147483647;
			files = (
				9430BD8424A500840037C031 /* tumblrUITests.m in Sources */,
			);
			runOnlyForDeploymentPostprocessing = 0;
		};
/* End PBXSourcesBuildPhase section */

/* Begin PBXTargetDependency section */
		9430BD7624A500840037C031 /* PBXTargetDependency */ = {
			isa = PBXTargetDependency;
			target = 9430BD5824A500830037C031 /* tumblr */;
			targetProxy = 9430BD7524A500840037C031 /* PBXContainerItemProxy */;
		};
		9430BD8124A500840037C031 /* PBXTargetDependency */ = {
			isa = PBXTargetDependency;
			target = 9430BD5824A500830037C031 /* tumblr */;
			targetProxy = 9430BD8024A500840037C031 /* PBXContainerItemProxy */;
		};
/* End PBXTargetDependency section */

/* Begin PBXVariantGroup section */
		9430BD6524A500830037C031 /* Main.storyboard */ = {
			isa = PBXVariantGroup;
			children = (
				9430BD6624A500830037C031 /* Base */,
			);
			name = Main.storyboard;
			sourceTree = "<group>";
		};
		9430BD6A24A500840037C031 /* LaunchScreen.storyboard */ = {
			isa = PBXVariantGroup;
			children = (
				9430BD6B24A500840037C031 /* Base */,
			);
			name = LaunchScreen.storyboard;
			sourceTree = "<group>";
		};
/* End PBXVariantGroup section */

/* Begin XCBuildConfiguration section */
		9430BD8624A500840037C031 /* Debug */ = {
			isa = XCBuildConfiguration;
			buildSettings = {
				ALWAYS_SEARCH_USER_PATHS = NO;
				CLANG_ANALYZER_NONNULL = YES;
				CLANG_ANALYZER_NUMBER_OBJECT_CONVERSION = YES_AGGRESSIVE;
				CLANG_CXX_LANGUAGE_STANDARD = "gnu++14";
				CLANG_CXX_LIBRARY = "libc++";
				CLANG_ENABLE_MODULES = YES;
				CLANG_ENABLE_OBJC_ARC = YES;
				CLANG_ENABLE_OBJC_WEAK = YES;
				CLANG_WARN_BLOCK_CAPTURE_AUTORELEASING = YES;
				CLANG_WARN_BOOL_CONVERSION = YES;
				CLANG_WARN_COMMA = YES;
				CLANG_WARN_CONSTANT_CONVERSION = YES;
				CLANG_WARN_DEPRECATED_OBJC_IMPLEMENTATIONS = YES;
				CLANG_WARN_DIRECT_OBJC_ISA_USAGE = YES_ERROR;
				CLANG_WARN_DOCUMENTATION_COMMENTS = YES;
				CLANG_WARN_EMPTY_BODY = YES;
				CLANG_WARN_ENUM_CONVERSION = YES;
				CLANG_WARN_INFINITE_RECURSION = YES;
				CLANG_WARN_INT_CONVERSION = YES;
				CLANG_WARN_NON_LITERAL_NULL_CONVERSION = YES;
				CLANG_WARN_OBJC_IMPLICIT_RETAIN_SELF = YES;
				CLANG_WARN_OBJC_LITERAL_CONVERSION = YES;
				CLANG_WARN_OBJC_ROOT_CLASS = YES_ERROR;
				CLANG_WARN_RANGE_LOOP_ANALYSIS = YES;
				CLANG_WARN_STRICT_PROTOTYPES = YES;
				CLANG_WARN_SUSPICIOUS_MOVE = YES;
				CLANG_WARN_UNGUARDED_AVAILABILITY = YES_AGGRESSIVE;
				CLANG_WARN_UNREACHABLE_CODE = YES;
				CLANG_WARN__DUPLICATE_METHOD_MATCH = YES;
				COPY_PHASE_STRIP = NO;
				DEBUG_INFORMATION_FORMAT = dwarf;
				ENABLE_STRICT_OBJC_MSGSEND = YES;
				ENABLE_TESTABILITY = YES;
				GCC_C_LANGUAGE_STANDARD = gnu11;
				GCC_DYNAMIC_NO_PIC = NO;
				GCC_NO_COMMON_BLOCKS = YES;
				GCC_OPTIMIZATION_LEVEL = 0;
				GCC_PREPROCESSOR_DEFINITIONS = (
					"DEBUG=1",
					"$(inherited)",
				);
				GCC_WARN_64_TO_32_BIT_CONVERSION = YES;
				GCC_WARN_ABOUT_RETURN_TYPE = YES_ERROR;
				GCC_WARN_UNDECLARED_SELECTOR = YES;
				GCC_WARN_UNINITIALIZED_AUTOS = YES_AGGRESSIVE;
				GCC_WARN_UNUSED_FUNCTION = YES;
				GCC_WARN_UNUSED_VARIABLE = YES;
				IPHONEOS_DEPLOYMENT_TARGET = 13.5;
				MTL_ENABLE_DEBUG_INFO = INCLUDE_SOURCE;
				MTL_FAST_MATH = YES;
				ONLY_ACTIVE_ARCH = YES;
				SDKROOT = iphoneos;
			};
			name = Debug;
		};
		9430BD8724A500840037C031 /* Release */ = {
			isa = XCBuildConfiguration;
			buildSettings = {
				ALWAYS_SEARCH_USER_PATHS = NO;
				CLANG_ANALYZER_NONNULL = YES;
				CLANG_ANALYZER_NUMBER_OBJECT_CONVERSION = YES_AGGRESSIVE;
				CLANG_CXX_LANGUAGE_STANDARD = "gnu++14";
				CLANG_CXX_LIBRARY = "libc++";
				CLANG_ENABLE_MODULES = YES;
				CLANG_ENABLE_OBJC_ARC = YES;
				CLANG_ENABLE_OBJC_WEAK = YES;
				CLANG_WARN_BLOCK_CAPTURE_AUTORELEASING = YES;
				CLANG_WARN_BOOL_CONVERSION = YES;
				CLANG_WARN_COMMA = YES;
				CLANG_WARN_CONSTANT_CONVERSION = YES;
				CLANG_WARN_DEPRECATED_OBJC_IMPLEMENTATIONS = YES;
				CLANG_WARN_DIRECT_OBJC_ISA_USAGE = YES_ERROR;
				CLANG_WARN_DOCUMENTATION_COMMENTS = YES;
				CLANG_WARN_EMPTY_BODY = YES;
				CLANG_WARN_ENUM_CONVERSION = YES;
				CLANG_WARN_INFINITE_RECURSION = YES;
				CLANG_WARN_INT_CONVERSION = YES;
				CLANG_WARN_NON_LITERAL_NULL_CONVERSION = YES;
				CLANG_WARN_OBJC_IMPLICIT_RETAIN_SELF = YES;
				CLANG_WARN_OBJC_LITERAL_CONVERSION = YES;
				CLANG_WARN_OBJC_ROOT_CLASS = YES_ERROR;
				CLANG_WARN_RANGE_LOOP_ANALYSIS = YES;
				CLANG_WARN_STRICT_PROTOTYPES = YES;
				CLANG_WARN_SUSPICIOUS_MOVE = YES;
				CLANG_WARN_UNGUARDED_AVAILABILITY = YES_AGGRESSIVE;
				CLANG_WARN_UNREACHABLE_CODE = YES;
				CLANG_WARN__DUPLICATE_METHOD_MATCH = YES;
				COPY_PHASE_STRIP = NO;
				DEBUG_INFORMATION_FORMAT = "dwarf-with-dsym";
				ENABLE_NS_ASSERTIONS = NO;
				ENABLE_STRICT_OBJC_MSGSEND = YES;
				GCC_C_LANGUAGE_STANDARD = gnu11;
				GCC_NO_COMMON_BLOCKS = YES;
				GCC_WARN_64_TO_32_BIT_CONVERSION = YES;
				GCC_WARN_ABOUT_RETURN_TYPE = YES_ERROR;
				GCC_WARN_UNDECLARED_SELECTOR = YES;
				GCC_WARN_UNINITIALIZED_AUTOS = YES_AGGRESSIVE;
				GCC_WARN_UNUSED_FUNCTION = YES;
				GCC_WARN_UNUSED_VARIABLE = YES;
				IPHONEOS_DEPLOYMENT_TARGET = 13.5;
				MTL_ENABLE_DEBUG_INFO = NO;
				MTL_FAST_MATH = YES;
				SDKROOT = iphoneos;
				VALIDATE_PRODUCT = YES;
			};
			name = Release;
		};
		9430BD8924A500840037C031 /* Debug */ = {
			isa = XCBuildConfiguration;
			baseConfigurationReference = 549D36CDD98DAC8B0AE6EC91 /* Pods-tumblr.debug.xcconfig */;
			buildSettings = {
				ASSETCATALOG_COMPILER_APPICON_NAME = AppIcon;
				CODE_SIGN_STYLE = Automatic;
				INFOPLIST_FILE = tumblr/Info.plist;
				LD_RUNPATH_SEARCH_PATHS = (
					"$(inherited)",
					"@executable_path/Frameworks",
				);
				PRODUCT_BUNDLE_IDENTIFIER = anacismaru.tumblr;
				PRODUCT_NAME = "$(TARGET_NAME)";
				TARGETED_DEVICE_FAMILY = "1,2";
			};
			name = Debug;
		};
		9430BD8A24A500840037C031 /* Release */ = {
			isa = XCBuildConfiguration;
			baseConfigurationReference = 6C207CDFAD10FBCBB945E559 /* Pods-tumblr.release.xcconfig */;
			buildSettings = {
				ASSETCATALOG_COMPILER_APPICON_NAME = AppIcon;
				CODE_SIGN_STYLE = Automatic;
				INFOPLIST_FILE = tumblr/Info.plist;
				LD_RUNPATH_SEARCH_PATHS = (
					"$(inherited)",
					"@executable_path/Frameworks",
				);
				PRODUCT_BUNDLE_IDENTIFIER = anacismaru.tumblr;
				PRODUCT_NAME = "$(TARGET_NAME)";
				TARGETED_DEVICE_FAMILY = "1,2";
			};
			name = Release;
		};
		9430BD8C24A500840037C031 /* Debug */ = {
			isa = XCBuildConfiguration;
			baseConfigurationReference = DFD26CD67A6C1909812610FE /* Pods-tumblrTests.debug.xcconfig */;
			buildSettings = {
				BUNDLE_LOADER = "$(TEST_HOST)";
				CODE_SIGN_STYLE = Automatic;
				INFOPLIST_FILE = tumblrTests/Info.plist;
				IPHONEOS_DEPLOYMENT_TARGET = 13.5;
				LD_RUNPATH_SEARCH_PATHS = (
					"$(inherited)",
					"@executable_path/Frameworks",
					"@loader_path/Frameworks",
				);
				PRODUCT_BUNDLE_IDENTIFIER = anacismaru.tumblrTests;
				PRODUCT_NAME = "$(TARGET_NAME)";
				TARGETED_DEVICE_FAMILY = "1,2";
				TEST_HOST = "$(BUILT_PRODUCTS_DIR)/tumblr.app/tumblr";
			};
			name = Debug;
		};
		9430BD8D24A500840037C031 /* Release */ = {
			isa = XCBuildConfiguration;
			baseConfigurationReference = 0A7156C2CF0D056C93AE45B1 /* Pods-tumblrTests.release.xcconfig */;
			buildSettings = {
				BUNDLE_LOADER = "$(TEST_HOST)";
				CODE_SIGN_STYLE = Automatic;
				INFOPLIST_FILE = tumblrTests/Info.plist;
				IPHONEOS_DEPLOYMENT_TARGET = 13.5;
				LD_RUNPATH_SEARCH_PATHS = (
					"$(inherited)",
					"@executable_path/Frameworks",
					"@loader_path/Frameworks",
				);
				PRODUCT_BUNDLE_IDENTIFIER = anacismaru.tumblrTests;
				PRODUCT_NAME = "$(TARGET_NAME)";
				TARGETED_DEVICE_FAMILY = "1,2";
				TEST_HOST = "$(BUILT_PRODUCTS_DIR)/tumblr.app/tumblr";
			};
			name = Release;
		};
		9430BD8F24A500840037C031 /* Debug */ = {
			isa = XCBuildConfiguration;
			baseConfigurationReference = 4C2938B189F4F012EC2728D5 /* Pods-tumblr-tumblrUITests.debug.xcconfig */;
			buildSettings = {
				CODE_SIGN_STYLE = Automatic;
				INFOPLIST_FILE = tumblrUITests/Info.plist;
				LD_RUNPATH_SEARCH_PATHS = (
					"$(inherited)",
					"@executable_path/Frameworks",
					"@loader_path/Frameworks",
				);
				PRODUCT_BUNDLE_IDENTIFIER = anacismaru.tumblrUITests;
				PRODUCT_NAME = "$(TARGET_NAME)";
				TARGETED_DEVICE_FAMILY = "1,2";
				TEST_TARGET_NAME = tumblr;
			};
			name = Debug;
		};
		9430BD9024A500840037C031 /* Release */ = {
			isa = XCBuildConfiguration;
			baseConfigurationReference = 98E788C2D2F8531881B60DB8 /* Pods-tumblr-tumblrUITests.release.xcconfig */;
			buildSettings = {
				CODE_SIGN_STYLE = Automatic;
				INFOPLIST_FILE = tumblrUITests/Info.plist;
				LD_RUNPATH_SEARCH_PATHS = (
					"$(inherited)",
					"@executable_path/Frameworks",
					"@loader_path/Frameworks",
				);
				PRODUCT_BUNDLE_IDENTIFIER = anacismaru.tumblrUITests;
				PRODUCT_NAME = "$(TARGET_NAME)";
				TARGETED_DEVICE_FAMILY = "1,2";
				TEST_TARGET_NAME = tumblr;
			};
			name = Release;
		};
/* End XCBuildConfiguration section */

/* Begin XCConfigurationList section */
		9430BD5424A500830037C031 /* Build configuration list for PBXProject "tumblr" */ = {
			isa = XCConfigurationList;
			buildConfigurations = (
				9430BD8624A500840037C031 /* Debug */,
				9430BD8724A500840037C031 /* Release */,
			);
			defaultConfigurationIsVisible = 0;
			defaultConfigurationName = Release;
		};
		9430BD8824A500840037C031 /* Build configuration list for PBXNativeTarget "tumblr" */ = {
			isa = XCConfigurationList;
			buildConfigurations = (
				9430BD8924A500840037C031 /* Debug */,
				9430BD8A24A500840037C031 /* Release */,
			);
			defaultConfigurationIsVisible = 0;
			defaultConfigurationName = Release;
		};
		9430BD8B24A500840037C031 /* Build configuration list for PBXNativeTarget "tumblrTests" */ = {
			isa = XCConfigurationList;
			buildConfigurations = (
				9430BD8C24A500840037C031 /* Debug */,
				9430BD8D24A500840037C031 /* Release */,
			);
			defaultConfigurationIsVisible = 0;
			defaultConfigurationName = Release;
		};
		9430BD8E24A500840037C031 /* Build configuration list for PBXNativeTarget "tumblrUITests" */ = {
			isa = XCConfigurationList;
			buildConfigurations = (
				9430BD8F24A500840037C031 /* Debug */,
				9430BD9024A500840037C031 /* Release */,
			);
			defaultConfigurationIsVisible = 0;
			defaultConfigurationName = Release;
		};
/* End XCConfigurationList section */
	};
	rootObject = 9430BD5124A500830037C031 /* Project object */;
}
